
Microsoft Visual Studio Solution File, Format Version 12.00
# Visual Studio Version 16
VisualStudioVersion = 16.0.31402.337
MinimumVisualStudioVersion = 10.0.40219.1
Project("{9A19103F-16F7-4668-BE54-9A1E7A4F7556}") = "WeatherApp", "WeatherApp\WeatherApp.csproj", "{C6A48498-A1FC-48A0-A305-A78A0537251E}"
EndProject
Project("{FAE04EC0-301F-11D3-BF4B-00C04F79EFBC}") = "WeatherAppTests", "WeatherAppTests\WeatherAppTests.csproj", "{5DD816E7-1BCB-43DA-9EE3-41E17C1C7037}"
EndProject
Global
	GlobalSection(SolutionConfigurationPlatforms) = preSolution
		Debug|Any CPU = Debug|Any CPU
		Release|Any CPU = Release|Any CPU
	EndGlobalSection
	GlobalSection(ProjectConfigurationPlatforms) = postSolution
		{C6A48498-A1FC-48A0-A305-A78A0537251E}.Debug|Any CPU.ActiveCfg = Debug|Any CPU
		{C6A48498-A1FC-48A0-A305-A78A0537251E}.Debug|Any CPU.Build.0 = Debug|Any CPU
		{C6A48498-A1FC-48A0-A305-A78A0537251E}.Release|Any CPU.ActiveCfg = Release|Any CPU
		{C6A48498-A1FC-48A0-A305-A78A0537251E}.Release|Any CPU.Build.0 = Release|Any CPU
		{5DD816E7-1BCB-43DA-9EE3-41E17C1C7037}.Debug|Any CPU.ActiveCfg = Debug|Any CPU
		{5DD816E7-1BCB-43DA-9EE3-41E17C1C7037}.Debug|Any CPU.Build.0 = Debug|Any CPU
		{5DD816E7-1BCB-43DA-9EE3-41E17C1C7037}.Release|Any CPU.ActiveCfg = Release|Any CPU
		{5DD816E7-1BCB-43DA-9EE3-41E17C1C7037}.Release|Any CPU.Build.0 = Release|Any CPU
	EndGlobalSection
	GlobalSection(SolutionProperties) = preSolution
		HideSolutionNode = FALSE
	EndGlobalSection
	GlobalSection(ExtensibilityGlobals) = postSolution
		SolutionGuid = {5F159C5A-2060-4DBF-83D0-2D5FE0B5234B}
	EndGlobalSection
EndGlobal
